
Microsoft Visual Studio Solution File, Format Version 12.00
# Visual Studio 15
VisualStudioVersion = 15.0.27004.2002
MinimumVisualStudioVersion = 10.0.40219.1
Project("{2150E333-8FDC-42A3-9474-1A3956D46DE8}") = "Tests", "Tests", "{318BCAD9-2294-4C42-99C5-C7C19E61B3E3}"
EndProject
Project("{2150E333-8FDC-42A3-9474-1A3956D46DE8}") = "Samples", "Samples", "{4A69099A-64DD-48A7-95B8-25DB7956B3BC}"
EndProject
Project("{9A19103F-16F7-4668-BE54-9A1E7A4F7556}") = "Xunit.Metadata", "src\Xunit.Metadata\Xunit.Metadata.csproj", "{C3F6CA99-FB5F-4335-A326-DB056A40D6F1}"
EndProject
Project("{FAE04EC0-301F-11D3-BF4B-00C04F79EFBC}") = "Xunit.Metadata.Sample", "samples\Xunit.Metadata.Sample\Xunit.Metadata.Sample.csproj", "{38D48523-0A13-4C80-967A-ECB8797D9569}"
EndProject
Project("{FAE04EC0-301F-11D3-BF4B-00C04F79EFBC}") = "Xunit.Metadata.Tests", "tests\Xunit.Metadata.Tests\Xunit.Metadata.Tests.csproj", "{B33C62BE-0C51-46C9-BA0A-1B9E1B8CA90F}"
EndProject
Global
	GlobalSection(SolutionConfigurationPlatforms) = preSolution
		Debug|Any CPU = Debug|Any CPU
		Release|Any CPU = Release|Any CPU
	EndGlobalSection
	GlobalSection(ProjectConfigurationPlatforms) = postSolution
		{C3F6CA99-FB5F-4335-A326-DB056A40D6F1}.Debug|Any CPU.ActiveCfg = Debug|Any CPU
		{C3F6CA99-FB5F-4335-A326-DB056A40D6F1}.Debug|Any CPU.Build.0 = Debug|Any CPU
		{C3F6CA99-FB5F-4335-A326-DB056A40D6F1}.Release|Any CPU.ActiveCfg = Release|Any CPU
		{C3F6CA99-FB5F-4335-A326-DB056A40D6F1}.Release|Any CPU.Build.0 = Release|Any CPU
		{38D48523-0A13-4C80-967A-ECB8797D9569}.Debug|Any CPU.ActiveCfg = Debug|Any CPU
		{38D48523-0A13-4C80-967A-ECB8797D9569}.Debug|Any CPU.Build.0 = Debug|Any CPU
		{38D48523-0A13-4C80-967A-ECB8797D9569}.Release|Any CPU.ActiveCfg = Release|Any CPU
		{38D48523-0A13-4C80-967A-ECB8797D9569}.Release|Any CPU.Build.0 = Release|Any CPU
		{B33C62BE-0C51-46C9-BA0A-1B9E1B8CA90F}.Debug|Any CPU.ActiveCfg = Debug|Any CPU
		{B33C62BE-0C51-46C9-BA0A-1B9E1B8CA90F}.Debug|Any CPU.Build.0 = Debug|Any CPU
		{B33C62BE-0C51-46C9-BA0A-1B9E1B8CA90F}.Release|Any CPU.ActiveCfg = Release|Any CPU
		{B33C62BE-0C51-46C9-BA0A-1B9E1B8CA90F}.Release|Any CPU.Build.0 = Release|Any CPU
	EndGlobalSection
	GlobalSection(SolutionProperties) = preSolution
		HideSolutionNode = FALSE
	EndGlobalSection
	GlobalSection(NestedProjects) = preSolution
		{38D48523-0A13-4C80-967A-ECB8797D9569} = {4A69099A-64DD-48A7-95B8-25DB7956B3BC}
		{B33C62BE-0C51-46C9-BA0A-1B9E1B8CA90F} = {318BCAD9-2294-4C42-99C5-C7C19E61B3E3}
	EndGlobalSection
	GlobalSection(ExtensibilityGlobals) = postSolution
		SolutionGuid = {4401BAD0-B1CF-42D1-B72B-7A3B8F964564}
	EndGlobalSection
EndGlobal
