
Microsoft Visual Studio Solution File, Format Version 12.00
# Visual Studio 15
VisualStudioVersion = 15.0.27004.2002
MinimumVisualStudioVersion = 10.0.40219.1
Project("{9A19103F-16F7-4668-BE54-9A1E7A4F7556}") = "Xunit.Metadata", "..\src\Xunit.Metadata\Xunit.Metadata.csproj", "{09FD72CE-0F40-4B06-9282-0CB02D8C0743}"
EndProject
Global
	GlobalSection(SolutionConfigurationPlatforms) = preSolution
		Debug|Any CPU = Debug|Any CPU
		Release|Any CPU = Release|Any CPU
	EndGlobalSection
	GlobalSection(ProjectConfigurationPlatforms) = postSolution
		{09FD72CE-0F40-4B06-9282-0CB02D8C0743}.Debug|Any CPU.ActiveCfg = Debug|Any CPU
		{09FD72CE-0F40-4B06-9282-0CB02D8C0743}.Debug|Any CPU.Build.0 = Debug|Any CPU
		{09FD72CE-0F40-4B06-9282-0CB02D8C0743}.Release|Any CPU.ActiveCfg = Release|Any CPU
		{09FD72CE-0F40-4B06-9282-0CB02D8C0743}.Release|Any CPU.Build.0 = Release|Any CPU
	EndGlobalSection
	GlobalSection(SolutionProperties) = preSolution
		HideSolutionNode = FALSE
	EndGlobalSection
	GlobalSection(ExtensibilityGlobals) = postSolution
		SolutionGuid = {B1B68A62-53AD-40BB-B4F4-05E374607D0E}
	EndGlobalSection
EndGlobal
